
Microsoft Visual Studio Solution File, Format Version 11.00
# Visual Studio 2010
Project("{8BC9CEB8-8B4A-11D0-8D11-00A0C91BC942}") = "VisualSortModalDlg", "VisualSortModalDlg.vcxproj", "{E3BCD755-6795-4D4B-BEB3-95BE74330D68}"
EndProject
Global
	GlobalSection(SolutionConfigurationPlatforms) = preSolution
		Debug|Win32 = Debug|Win32
		Release|Win32 = Release|Win32
	EndGlobalSection
	GlobalSection(ProjectConfigurationPlatforms) = postSolution
		{E3BCD755-6795-4D4B-BEB3-95BE74330D68}.Debug|Win32.ActiveCfg = Debug|Win32
		{E3BCD755-6795-4D4B-BEB3-95BE74330D68}.Debug|Win32.Build.0 = Debug|Win32
		{E3BCD755-6795-4D4B-BEB3-95BE74330D68}.Release|Win32.ActiveCfg = Release|Win32
		{E3BCD755-6795-4D4B-BEB3-95BE74330D68}.Release|Win32.Build.0 = Release|Win32
	EndGlobalSection
	GlobalSection(SolutionProperties) = preSolution
		HideSolutionNode = FALSE
	EndGlobalSection
EndGlobal
